<?xml version="1.0" encoding="UTF-8"?>
<CodeBlocks_project_file>
	<FileVersion major="1" minor="6"/>
	<Project>
		<Option title="sensserver"/>
		<Option makefile_is_custom="1"/>
		<Option compiler="gcc"/>
		<Option virtualFolders="CMake Files\;"/>
		<Build>
			<Target title="all">
				<Option working_dir="/home/dato/Projects/sensserver"/>
				<Option type="4"/>
				<MakeCommands>
					<Build command="/usr/bin/make -j12 -f &quot;/home/dato/Projects/sensserver/Makefile&quot;  VERBOSE=1 all"/>
					<CompileFile command="/usr/bin/make -j12 -f &quot;/home/dato/Projects/sensserver/Makefile&quot;  VERBOSE=1 &quot;$file&quot;"/>
					<Clean command="/usr/bin/make -j12 -f &quot;/home/dato/Projects/sensserver/Makefile&quot;  VERBOSE=1 clean"/>
					<DistClean command="/usr/bin/make -j12 -f &quot;/home/dato/Projects/sensserver/Makefile&quot;  VERBOSE=1 clean"/>
				</MakeCommands>
			</Target>
			<Target title="rebuild_cache">
				<Option working_dir="/home/dato/Projects/sensserver"/>
				<Option type="4"/>
				<MakeCommands>
					<Build command="/usr/bin/make -j12 -f &quot;/home/dato/Projects/sensserver/Makefile&quot;  VERBOSE=1 rebuild_cache"/>
					<CompileFile command="/usr/bin/make -j12 -f &quot;/home/dato/Projects/sensserver/Makefile&quot;  VERBOSE=1 &quot;$file&quot;"/>
					<Clean command="/usr/bin/make -j12 -f &quot;/home/dato/Projects/sensserver/Makefile&quot;  VERBOSE=1 clean"/>
					<DistClean command="/usr/bin/make -j12 -f &quot;/home/dato/Projects/sensserver/Makefile&quot;  VERBOSE=1 clean"/>
				</MakeCommands>
			</Target>
			<Target title="edit_cache">
				<Option working_dir="/home/dato/Projects/sensserver"/>
				<Option type="4"/>
				<MakeCommands>
					<Build command="/usr/bin/make -j12 -f &quot;/home/dato/Projects/sensserver/Makefile&quot;  VERBOSE=1 edit_cache"/>
					<CompileFile command="/usr/bin/make -j12 -f &quot;/home/dato/Projects/sensserver/Makefile&quot;  VERBOSE=1 &quot;$file&quot;"/>
					<Clean command="/usr/bin/make -j12 -f &quot;/home/dato/Projects/sensserver/Makefile&quot;  VERBOSE=1 clean"/>
					<DistClean command="/usr/bin/make -j12 -f &quot;/home/dato/Projects/sensserver/Makefile&quot;  VERBOSE=1 clean"/>
				</MakeCommands>
			</Target>
			<Target title="sensserver">
				<Option output="/home/dato/Projects/sensserver/sensserver" prefix_auto="0" extension_auto="0"/>
				<Option working_dir="/home/dato/Projects/sensserver"/>
				<Option object_output="./"/>
				<Option type="1"/>
				<Option compiler="gcc"/>
				<Compiler>
					<Add directory="/home/dato/Projects/sensserver,"/>
					<Add directory="/home/dato/Projects/sensserver/../AWL"/>
					<Add directory="/usr/include/c++/9"/>
					<Add directory="/usr/include/x86_64-linux-gnu/c++/9"/>
					<Add directory="/usr/include/c++/9/backward"/>
					<Add directory="/usr/lib/gcc/x86_64-linux-gnu/9/include"/>
					<Add directory="/usr/local/include"/>
					<Add directory="/usr/include/x86_64-linux-gnu"/>
					<Add directory="/usr/include"/>
				</Compiler>
				<MakeCommands>
					<Build command="/usr/bin/make -j12 -f &quot;/home/dato/Projects/sensserver/Makefile&quot;  VERBOSE=1 sensserver"/>
					<CompileFile command="/usr/bin/make -j12 -f &quot;/home/dato/Projects/sensserver/Makefile&quot;  VERBOSE=1 &quot;$file&quot;"/>
					<Clean command="/usr/bin/make -j12 -f &quot;/home/dato/Projects/sensserver/Makefile&quot;  VERBOSE=1 clean"/>
					<DistClean command="/usr/bin/make -j12 -f &quot;/home/dato/Projects/sensserver/Makefile&quot;  VERBOSE=1 clean"/>
				</MakeCommands>
			</Target>
			<Target title="sensserver/fast">
				<Option output="/home/dato/Projects/sensserver/sensserver" prefix_auto="0" extension_auto="0"/>
				<Option working_dir="/home/dato/Projects/sensserver"/>
				<Option object_output="./"/>
				<Option type="1"/>
				<Option compiler="gcc"/>
				<Compiler>
					<Add directory="/home/dato/Projects/sensserver,"/>
					<Add directory="/home/dato/Projects/sensserver/../AWL"/>
					<Add directory="/usr/include/c++/9"/>
					<Add directory="/usr/include/x86_64-linux-gnu/c++/9"/>
					<Add directory="/usr/include/c++/9/backward"/>
					<Add directory="/usr/lib/gcc/x86_64-linux-gnu/9/include"/>
					<Add directory="/usr/local/include"/>
					<Add directory="/usr/include/x86_64-linux-gnu"/>
					<Add directory="/usr/include"/>
				</Compiler>
				<MakeCommands>
					<Build command="/usr/bin/make -j12 -f &quot;/home/dato/Projects/sensserver/Makefile&quot;  VERBOSE=1 sensserver/fast"/>
					<CompileFile command="/usr/bin/make -j12 -f &quot;/home/dato/Projects/sensserver/Makefile&quot;  VERBOSE=1 &quot;$file&quot;"/>
					<Clean command="/usr/bin/make -j12 -f &quot;/home/dato/Projects/sensserver/Makefile&quot;  VERBOSE=1 clean"/>
					<DistClean command="/usr/bin/make -j12 -f &quot;/home/dato/Projects/sensserver/Makefile&quot;  VERBOSE=1 clean"/>
				</MakeCommands>
			</Target>
		</Build>
		<Unit filename="/home/dato/Projects/sensserver/audiothread.cpp">
			<Option target="sensserver"/>
		</Unit>
		<Unit filename="/home/dato/Projects/sensserver/audiothread.h">
			<Option target="sensserver"/>
		</Unit>
		<Unit filename="/home/dato/Projects/sensserver/main.cpp">
			<Option target="sensserver"/>
		</Unit>
		<Unit filename="/home/dato/Projects/sensserver/sensorthread.cpp">
			<Option target="sensserver"/>
		</Unit>
		<Unit filename="/home/dato/Projects/sensserver/sensorthread.h">
			<Option target="sensserver"/>
		</Unit>
		<Unit filename="/home/dato/Projects/sensserver/senstelnet.cpp">
			<Option target="sensserver"/>
		</Unit>
		<Unit filename="/home/dato/Projects/sensserver/senstelnet.h">
			<Option target="sensserver"/>
		</Unit>
		<Unit filename="/home/dato/Projects/sensserver/streamthread.cpp">
			<Option target="sensserver"/>
		</Unit>
		<Unit filename="/home/dato/Projects/sensserver/streamthread.h">
			<Option target="sensserver"/>
		</Unit>
		<Unit filename="/home/dato/Projects/sensserver/CMakeLists.txt">
			<Option virtualFolder="CMake Files\"/>
		</Unit>
	</Project>
</CodeBlocks_project_file>
